
Microsoft Visual Studio Solution File, Format Version 12.00
# Visual Studio Version 16
VisualStudioVersion = 16.0.31911.196
MinimumVisualStudioVersion = 10.0.40219.1
Project("{FAE04EC0-301F-11D3-BF4B-00C04F79EFBC}") = "GOS_MonitoringTool", "GOS_MonitoringTool\GOS_MonitoringTool.csproj", "{97565288-38AC-4A43-862C-5DE7EB34C650}"
EndProject
Global
	GlobalSection(SolutionConfigurationPlatforms) = preSolution
		Debug|Any CPU = Debug|Any CPU
		Release|Any CPU = Release|Any CPU
	EndGlobalSection
	GlobalSection(ProjectConfigurationPlatforms) = postSolution
		{97565288-38AC-4A43-862C-5DE7EB34C650}.Debug|Any CPU.ActiveCfg = Debug|Any CPU
		{97565288-38AC-4A43-862C-5DE7EB34C650}.Debug|Any CPU.Build.0 = Debug|Any CPU
		{97565288-38AC-4A43-862C-5DE7EB34C650}.Release|Any CPU.ActiveCfg = Release|Any CPU
		{97565288-38AC-4A43-862C-5DE7EB34C650}.Release|Any CPU.Build.0 = Release|Any CPU
	EndGlobalSection
	GlobalSection(SolutionProperties) = preSolution
		HideSolutionNode = FALSE
	EndGlobalSection
	GlobalSection(ExtensibilityGlobals) = postSolution
		SolutionGuid = {D5267F2D-56B1-4FED-A8EC-DB3922D03294}
	EndGlobalSection
EndGlobal
